
Microsoft Visual Studio Solution File, Format Version 12.00
# Visual Studio Version 17
VisualStudioVersion = 17.5.33516.290
MinimumVisualStudioVersion = 10.0.40219.1
Project("{9A19103F-16F7-4668-BE54-9A1E7A4F7556}") = "EVSAPI", "EVSAPI\EVSAPI.csproj", "{9BAB9B42-24C4-4891-B855-809ABE950D78}"
EndProject
Project("{9A19103F-16F7-4668-BE54-9A1E7A4F7556}") = "EVSDAL", "EVSDAL\EVSDAL.csproj", "{E41287AB-7676-41E5-8FD6-8E8661C8D049}"
EndProject
Project("{9A19103F-16F7-4668-BE54-9A1E7A4F7556}") = "EVSBLL", "EVSBLL\EVSBLL.csproj", "{17EC6D00-92C1-41AC-A639-86CA5CC7DEDC}"
EndProject
Project("{FAE04EC0-301F-11D3-BF4B-00C04F79EFBC}") = "EVSTests", "EVSTests\EVSTests.csproj", "{377F9460-785A-4E8F-B285-D01D3CBE8266}"
EndProject
Global
	GlobalSection(SolutionConfigurationPlatforms) = preSolution
		Debug|Any CPU = Debug|Any CPU
		Release|Any CPU = Release|Any CPU
	EndGlobalSection
	GlobalSection(ProjectConfigurationPlatforms) = postSolution
		{9BAB9B42-24C4-4891-B855-809ABE950D78}.Debug|Any CPU.ActiveCfg = Debug|Any CPU
		{9BAB9B42-24C4-4891-B855-809ABE950D78}.Debug|Any CPU.Build.0 = Debug|Any CPU
		{9BAB9B42-24C4-4891-B855-809ABE950D78}.Release|Any CPU.ActiveCfg = Release|Any CPU
		{9BAB9B42-24C4-4891-B855-809ABE950D78}.Release|Any CPU.Build.0 = Release|Any CPU
		{E41287AB-7676-41E5-8FD6-8E8661C8D049}.Debug|Any CPU.ActiveCfg = Debug|Any CPU
		{E41287AB-7676-41E5-8FD6-8E8661C8D049}.Debug|Any CPU.Build.0 = Debug|Any CPU
		{E41287AB-7676-41E5-8FD6-8E8661C8D049}.Release|Any CPU.ActiveCfg = Release|Any CPU
		{E41287AB-7676-41E5-8FD6-8E8661C8D049}.Release|Any CPU.Build.0 = Release|Any CPU
		{17EC6D00-92C1-41AC-A639-86CA5CC7DEDC}.Debug|Any CPU.ActiveCfg = Debug|Any CPU
		{17EC6D00-92C1-41AC-A639-86CA5CC7DEDC}.Debug|Any CPU.Build.0 = Debug|Any CPU
		{17EC6D00-92C1-41AC-A639-86CA5CC7DEDC}.Release|Any CPU.ActiveCfg = Release|Any CPU
		{17EC6D00-92C1-41AC-A639-86CA5CC7DEDC}.Release|Any CPU.Build.0 = Release|Any CPU
		{377F9460-785A-4E8F-B285-D01D3CBE8266}.Debug|Any CPU.ActiveCfg = Debug|Any CPU
		{377F9460-785A-4E8F-B285-D01D3CBE8266}.Debug|Any CPU.Build.0 = Debug|Any CPU
		{377F9460-785A-4E8F-B285-D01D3CBE8266}.Release|Any CPU.ActiveCfg = Release|Any CPU
		{377F9460-785A-4E8F-B285-D01D3CBE8266}.Release|Any CPU.Build.0 = Release|Any CPU
	EndGlobalSection
	GlobalSection(SolutionProperties) = preSolution
		HideSolutionNode = FALSE
	EndGlobalSection
	GlobalSection(ExtensibilityGlobals) = postSolution
		SolutionGuid = {946EC7A1-C446-4B19-A71C-76947791FF05}
	EndGlobalSection
EndGlobal
